<?xml version="1.0" encoding="utf-8"?>
<Project ToolsVersion="4.0" xmlns="http://schemas.microsoft.com/developer/msbuild/2003">
  <ItemGroup>
    <Filter Include="cookies">
      <UniqueIdentifier>{3BB016F8-C1E9-BB16-0D08-8373C0A57C34}</UniqueIdentifier>
    </Filter>
    <Filter Include="proxy">
      <UniqueIdentifier>{DB8B4CC8-9E72-B499-B612-B1CD65A064EE}</UniqueIdentifier>
    </Filter>
    <Filter Include="..">
      <UniqueIdentifier>{739DB09A-CC57-A953-A6CF-F64FA08E4FA7}</UniqueIdentifier>
    </Filter>
    <Filter Include="..\build">
      <UniqueIdentifier>{D5519164-BF26-36DA-740B-76CEFC1827F4}</UniqueIdentifier>
    </Filter>
    <Filter Include="disk_cache">
      <UniqueIdentifier>{5019651D-A4B6-2CA6-C769-E1358D75CDB5}</UniqueIdentifier>
    </Filter>
  </ItemGroup>
  <ItemGroup>
    <None Include="net.gyp"/>
    <ClCompile Include="cookies\cookie_monster_perftest.cc">
      <Filter>cookies</Filter>
    </ClCompile>
    <ClCompile Include="proxy\proxy_resolver_perftest.cc">
      <Filter>proxy</Filter>
    </ClCompile>
    <ClCompile Include="..\build\precompile.cc">
      <Filter>..\build</Filter>
    </ClCompile>
    <ClCompile Include="disk_cache\disk_cache_perftest.cc">
      <Filter>disk_cache</Filter>
    </ClCompile>
  </ItemGroup>
</Project>
