Microsoft Visual Studio Solution File, Format Version 11.00
# Visual Studio 2010
Project("{2150E333-8FDC-42A3-9474-1A3956D46DE8}") = "(allocator)", "..\..\..\base\allocator", "{6478B9F3-4858-63F4-35F4-98A303E305F3}"
EndProject
Project("{2150E333-8FDC-42A3-9474-1A3956D46DE8}") = "(base)", "..\..\..\base", "{9785FB75-982A-5DE3-252D-3F288B9FEF5B}"
EndProject
Project("{2150E333-8FDC-42A3-9474-1A3956D46DE8}") = "(command_buffer)", "..\..\..\gpu\command_buffer", "{1670CB0B-8AB5-66D9-D715-D2DC1A1CB97F}"
EndProject
Project("{2150E333-8FDC-42A3-9474-1A3956D46DE8}") = "(gpu)", "..\..\..\gpu", "{C2E276B7-2737-A889-723C-CE2956B80FB7}"
EndProject
Project("{2150E333-8FDC-42A3-9474-1A3956D46DE8}") = "(khronos)", "..\..\..\third_party\khronos", "{7522960F-C97E-E7C9-38F2-1B74A395F476}"
EndProject
Project("{2150E333-8FDC-42A3-9474-1A3956D46DE8}") = "(testing)", "..\..\..\testing", "{EAC80D00-01D2-3F49-A377-20B7154947F3}"
EndProject
Project("{2150E333-8FDC-42A3-9474-1A3956D46DE8}") = "(third_party)", "..\..\..\base\third_party", "{3E7FA5AF-27B3-2DE0-883C-12F98E7F4E81}"
EndProject
Project("{2150E333-8FDC-42A3-9474-1A3956D46DE8}") = "(third_party)", "..\..\..\third_party", "{89C816A7-DD31-D54C-C69C-5A80E0C49B77}"
EndProject
Project("{8BC9CEB8-8B4A-11D0-8D11-00A0C91BC942}") = "allocator_extension_thunks", "..\..\base\allocator\allocator_extension_thunks.vcxproj", "{C92C2888-FB94-389A-E67E-FB7E04F43E7B}"
EndProject
Project("{8BC9CEB8-8B4A-11D0-8D11-00A0C91BC942}") = "base", "..\..\base\base.vcxproj", "{9A7A16AD-84A0-856F-63FE-02995486A2CF}"
	ProjectSection(ProjectDependencies) = postProject
		{98FCA1FB-1AD3-EE21-7A5D-DD37454EFE63} = {98FCA1FB-1AD3-EE21-7A5D-DD37454EFE63}
	EndProjectSection
EndProject
Project("{8BC9CEB8-8B4A-11D0-8D11-00A0C91BC942}") = "base_static", "..\..\base\base_static.vcxproj", "{2CD7EC36-A3B6-21E8-CEB3-F4EB72F0E096}"
EndProject
Project("{8BC9CEB8-8B4A-11D0-8D11-00A0C91BC942}") = "dynamic_annotations", "..\..\base\third_party\dynamic_annotations\dynamic_annotations.vcxproj", "{81A7AD54-B9DB-DB76-BA99-73F0DC780102}"
EndProject
Project("{8BC9CEB8-8B4A-11D0-8D11-00A0C91BC942}") = "gles2_utils", "gles2_utils.vcxproj", "{C1834079-4225-E14A-CFAB-8A022BE6A620}"
	ProjectSection(ProjectDependencies) = postProject
		{310CFF56-D3B1-701C-DEF3-227429F1FE40} = {310CFF56-D3B1-701C-DEF3-227429F1FE40}
	EndProjectSection
EndProject
Project("{8BC9CEB8-8B4A-11D0-8D11-00A0C91BC942}") = "gtest_prod", "..\..\testing\gtest_prod.vcxproj", "{98FCA1FB-1AD3-EE21-7A5D-DD37454EFE63}"
EndProject
Project("{8BC9CEB8-8B4A-11D0-8D11-00A0C91BC942}") = "khronos_headers", "..\..\third_party\khronos\khronos_headers.vcxproj", "{310CFF56-D3B1-701C-DEF3-227429F1FE40}"
EndProject
Project("{8BC9CEB8-8B4A-11D0-8D11-00A0C91BC942}") = "modp_b64", "..\..\third_party\modp_b64\modp_b64.vcxproj", "{01C7C57D-BA0A-6989-1F65-3F73FE991D36}"
EndProject
Global
	GlobalSection(SolutionConfigurationPlatforms) = preSolution
		Release|x64 = Release|x64
		Debug|Win32 = Debug|Win32
		Debug|x64 = Debug|x64
		Release|Win32 = Release|Win32
	EndGlobalSection
	GlobalSection(ProjectConfigurationPlatforms) = postSolution
		{01C7C57D-BA0A-6989-1F65-3F73FE991D36}.Release|x64.ActiveCfg = Release|x64
		{01C7C57D-BA0A-6989-1F65-3F73FE991D36}.Release|x64.Build.0 = Release|x64
		{01C7C57D-BA0A-6989-1F65-3F73FE991D36}.Debug|Win32.ActiveCfg = Debug|Win32
		{01C7C57D-BA0A-6989-1F65-3F73FE991D36}.Debug|Win32.Build.0 = Debug|Win32
		{01C7C57D-BA0A-6989-1F65-3F73FE991D36}.Debug|x64.ActiveCfg = Debug|x64
		{01C7C57D-BA0A-6989-1F65-3F73FE991D36}.Debug|x64.Build.0 = Debug|x64
		{01C7C57D-BA0A-6989-1F65-3F73FE991D36}.Release|Win32.ActiveCfg = Release|Win32
		{01C7C57D-BA0A-6989-1F65-3F73FE991D36}.Release|Win32.Build.0 = Release|Win32
		{2CD7EC36-A3B6-21E8-CEB3-F4EB72F0E096}.Release|x64.ActiveCfg = Release|x64
		{2CD7EC36-A3B6-21E8-CEB3-F4EB72F0E096}.Release|x64.Build.0 = Release|x64
		{2CD7EC36-A3B6-21E8-CEB3-F4EB72F0E096}.Debug|Win32.ActiveCfg = Debug|Win32
		{2CD7EC36-A3B6-21E8-CEB3-F4EB72F0E096}.Debug|Win32.Build.0 = Debug|Win32
		{2CD7EC36-A3B6-21E8-CEB3-F4EB72F0E096}.Debug|x64.ActiveCfg = Debug|x64
		{2CD7EC36-A3B6-21E8-CEB3-F4EB72F0E096}.Debug|x64.Build.0 = Debug|x64
		{2CD7EC36-A3B6-21E8-CEB3-F4EB72F0E096}.Release|Win32.ActiveCfg = Release|Win32
		{2CD7EC36-A3B6-21E8-CEB3-F4EB72F0E096}.Release|Win32.Build.0 = Release|Win32
		{310CFF56-D3B1-701C-DEF3-227429F1FE40}.Release|x64.ActiveCfg = Release|x64
		{310CFF56-D3B1-701C-DEF3-227429F1FE40}.Release|x64.Build.0 = Release|x64
		{310CFF56-D3B1-701C-DEF3-227429F1FE40}.Debug|Win32.ActiveCfg = Debug|Win32
		{310CFF56-D3B1-701C-DEF3-227429F1FE40}.Debug|Win32.Build.0 = Debug|Win32
		{310CFF56-D3B1-701C-DEF3-227429F1FE40}.Debug|x64.ActiveCfg = Debug|x64
		{310CFF56-D3B1-701C-DEF3-227429F1FE40}.Debug|x64.Build.0 = Debug|x64
		{310CFF56-D3B1-701C-DEF3-227429F1FE40}.Release|Win32.ActiveCfg = Release|Win32
		{310CFF56-D3B1-701C-DEF3-227429F1FE40}.Release|Win32.Build.0 = Release|Win32
		{81A7AD54-B9DB-DB76-BA99-73F0DC780102}.Release|x64.ActiveCfg = Release|x64
		{81A7AD54-B9DB-DB76-BA99-73F0DC780102}.Release|x64.Build.0 = Release|x64
		{81A7AD54-B9DB-DB76-BA99-73F0DC780102}.Debug|Win32.ActiveCfg = Debug|Win32
		{81A7AD54-B9DB-DB76-BA99-73F0DC780102}.Debug|Win32.Build.0 = Debug|Win32
		{81A7AD54-B9DB-DB76-BA99-73F0DC780102}.Debug|x64.ActiveCfg = Debug|x64
		{81A7AD54-B9DB-DB76-BA99-73F0DC780102}.Debug|x64.Build.0 = Debug|x64
		{81A7AD54-B9DB-DB76-BA99-73F0DC780102}.Release|Win32.ActiveCfg = Release|Win32
		{81A7AD54-B9DB-DB76-BA99-73F0DC780102}.Release|Win32.Build.0 = Release|Win32
		{98FCA1FB-1AD3-EE21-7A5D-DD37454EFE63}.Release|x64.ActiveCfg = Release|x64
		{98FCA1FB-1AD3-EE21-7A5D-DD37454EFE63}.Release|x64.Build.0 = Release|x64
		{98FCA1FB-1AD3-EE21-7A5D-DD37454EFE63}.Debug|Win32.ActiveCfg = Debug|Win32
		{98FCA1FB-1AD3-EE21-7A5D-DD37454EFE63}.Debug|Win32.Build.0 = Debug|Win32
		{98FCA1FB-1AD3-EE21-7A5D-DD37454EFE63}.Debug|x64.ActiveCfg = Debug|x64
		{98FCA1FB-1AD3-EE21-7A5D-DD37454EFE63}.Debug|x64.Build.0 = Debug|x64
		{98FCA1FB-1AD3-EE21-7A5D-DD37454EFE63}.Release|Win32.ActiveCfg = Release|Win32
		{98FCA1FB-1AD3-EE21-7A5D-DD37454EFE63}.Release|Win32.Build.0 = Release|Win32
		{9A7A16AD-84A0-856F-63FE-02995486A2CF}.Release|x64.ActiveCfg = Release|x64
		{9A7A16AD-84A0-856F-63FE-02995486A2CF}.Release|x64.Build.0 = Release|x64
		{9A7A16AD-84A0-856F-63FE-02995486A2CF}.Debug|Win32.ActiveCfg = Debug|Win32
		{9A7A16AD-84A0-856F-63FE-02995486A2CF}.Debug|Win32.Build.0 = Debug|Win32
		{9A7A16AD-84A0-856F-63FE-02995486A2CF}.Debug|x64.ActiveCfg = Debug|x64
		{9A7A16AD-84A0-856F-63FE-02995486A2CF}.Debug|x64.Build.0 = Debug|x64
		{9A7A16AD-84A0-856F-63FE-02995486A2CF}.Release|Win32.ActiveCfg = Release|Win32
		{9A7A16AD-84A0-856F-63FE-02995486A2CF}.Release|Win32.Build.0 = Release|Win32
		{C1834079-4225-E14A-CFAB-8A022BE6A620}.Release|x64.ActiveCfg = Release|x64
		{C1834079-4225-E14A-CFAB-8A022BE6A620}.Release|x64.Build.0 = Release|x64
		{C1834079-4225-E14A-CFAB-8A022BE6A620}.Debug|Win32.ActiveCfg = Debug|Win32
		{C1834079-4225-E14A-CFAB-8A022BE6A620}.Debug|Win32.Build.0 = Debug|Win32
		{C1834079-4225-E14A-CFAB-8A022BE6A620}.Debug|x64.ActiveCfg = Debug|x64
		{C1834079-4225-E14A-CFAB-8A022BE6A620}.Debug|x64.Build.0 = Debug|x64
		{C1834079-4225-E14A-CFAB-8A022BE6A620}.Release|Win32.ActiveCfg = Release|Win32
		{C1834079-4225-E14A-CFAB-8A022BE6A620}.Release|Win32.Build.0 = Release|Win32
		{C92C2888-FB94-389A-E67E-FB7E04F43E7B}.Release|x64.ActiveCfg = Release|x64
		{C92C2888-FB94-389A-E67E-FB7E04F43E7B}.Release|x64.Build.0 = Release|x64
		{C92C2888-FB94-389A-E67E-FB7E04F43E7B}.Debug|Win32.ActiveCfg = Debug|Win32
		{C92C2888-FB94-389A-E67E-FB7E04F43E7B}.Debug|Win32.Build.0 = Debug|Win32
		{C92C2888-FB94-389A-E67E-FB7E04F43E7B}.Debug|x64.ActiveCfg = Debug|x64
		{C92C2888-FB94-389A-E67E-FB7E04F43E7B}.Debug|x64.Build.0 = Debug|x64
		{C92C2888-FB94-389A-E67E-FB7E04F43E7B}.Release|Win32.ActiveCfg = Release|Win32
		{C92C2888-FB94-389A-E67E-FB7E04F43E7B}.Release|Win32.Build.0 = Release|Win32
	EndGlobalSection
	GlobalSection(SolutionProperties) = preSolution
		HideSolutionNode = FALSE
	EndGlobalSection
	GlobalSection(NestedProjects) = preSolution
		{C92C2888-FB94-389A-E67E-FB7E04F43E7B} = {6478B9F3-4858-63F4-35F4-98A303E305F3}
		{6478B9F3-4858-63F4-35F4-98A303E305F3} = {9785FB75-982A-5DE3-252D-3F288B9FEF5B}
		{3E7FA5AF-27B3-2DE0-883C-12F98E7F4E81} = {9785FB75-982A-5DE3-252D-3F288B9FEF5B}
		{9A7A16AD-84A0-856F-63FE-02995486A2CF} = {9785FB75-982A-5DE3-252D-3F288B9FEF5B}
		{2CD7EC36-A3B6-21E8-CEB3-F4EB72F0E096} = {9785FB75-982A-5DE3-252D-3F288B9FEF5B}
		{C1834079-4225-E14A-CFAB-8A022BE6A620} = {1670CB0B-8AB5-66D9-D715-D2DC1A1CB97F}
		{1670CB0B-8AB5-66D9-D715-D2DC1A1CB97F} = {C2E276B7-2737-A889-723C-CE2956B80FB7}
		{310CFF56-D3B1-701C-DEF3-227429F1FE40} = {7522960F-C97E-E7C9-38F2-1B74A395F476}
		{98FCA1FB-1AD3-EE21-7A5D-DD37454EFE63} = {EAC80D00-01D2-3F49-A377-20B7154947F3}
		{81A7AD54-B9DB-DB76-BA99-73F0DC780102} = {3E7FA5AF-27B3-2DE0-883C-12F98E7F4E81}
		{7522960F-C97E-E7C9-38F2-1B74A395F476} = {89C816A7-DD31-D54C-C69C-5A80E0C49B77}
		{01C7C57D-BA0A-6989-1F65-3F73FE991D36} = {89C816A7-DD31-D54C-C69C-5A80E0C49B77}
	EndGlobalSection
EndGlobal
