Microsoft Visual Studio Solution File, Format Version 11.00
# Visual Studio 2010
Project("{2150E333-8FDC-42A3-9474-1A3956D46DE8}") = "(allocator)", "..\..\base\allocator", "{6478B9F3-4858-63F4-35F4-98A303E305F3}"
EndProject
Project("{2150E333-8FDC-42A3-9474-1A3956D46DE8}") = "(base)", "..\..\base", "{9785FB75-982A-5DE3-252D-3F288B9FEF5B}"
EndProject
Project("{2150E333-8FDC-42A3-9474-1A3956D46DE8}") = "(dynamic_annotations)", "..\..\base\third_party\dynamic_annotations", "{EF1E4970-C119-B0D7-F5D6-321C6AE66EDC}"
EndProject
Project("{2150E333-8FDC-42A3-9474-1A3956D46DE8}") = "(icu)", "..\..\third_party\icu", "{2DE59335-96CE-10CA-CDE5-FEC35E3549BB}"
EndProject
Project("{2150E333-8FDC-42A3-9474-1A3956D46DE8}") = "(testing)", "..\..\testing", "{EAC80D00-01D2-3F49-A377-20B7154947F3}"
EndProject
Project("{2150E333-8FDC-42A3-9474-1A3956D46DE8}") = "(third_party)", "..\..\base\third_party", "{3E7FA5AF-27B3-2DE0-883C-12F98E7F4E81}"
EndProject
Project("{2150E333-8FDC-42A3-9474-1A3956D46DE8}") = "(third_party)", "..\..\third_party", "{89C816A7-DD31-D54C-C69C-5A80E0C49B77}"
EndProject
Project("{8BC9CEB8-8B4A-11D0-8D11-00A0C91BC942}") = "allocator", "allocator\allocator.vcxproj", "{334963DA-9255-4EEB-9042-9868B553C52B}"
	ProjectSection(ProjectDependencies) = postProject
		{585A417F-18FF-0AE0-7272-82CF47D2141D} = {585A417F-18FF-0AE0-7272-82CF47D2141D}
	EndProjectSection
EndProject
Project("{8BC9CEB8-8B4A-11D0-8D11-00A0C91BC942}") = "allocator_extension_thunks", "allocator\allocator_extension_thunks.vcxproj", "{C92C2888-FB94-389A-E67E-FB7E04F43E7B}"
EndProject
Project("{8BC9CEB8-8B4A-11D0-8D11-00A0C91BC942}") = "allocator_extension_thunks_win64", "allocator\allocator_extension_thunks_win64.vcxproj", "{D62093D3-7933-C086-B054-D883AB06EF50}"
EndProject
Project("{8BC9CEB8-8B4A-11D0-8D11-00A0C91BC942}") = "base", "base.vcxproj", "{9A7A16AD-84A0-856F-63FE-02995486A2CF}"
	ProjectSection(ProjectDependencies) = postProject
		{98FCA1FB-1AD3-EE21-7A5D-DD37454EFE63} = {98FCA1FB-1AD3-EE21-7A5D-DD37454EFE63}
	EndProjectSection
EndProject
Project("{8BC9CEB8-8B4A-11D0-8D11-00A0C91BC942}") = "base_i18n", "base_i18n.vcxproj", "{EEAC9A88-A081-E447-8CC5-4F68B7033855}"
EndProject
Project("{8BC9CEB8-8B4A-11D0-8D11-00A0C91BC942}") = "base_i18n_nacl_win64", "base_i18n_nacl_win64.vcxproj", "{8CDE0EE9-67FF-6C69-E842-C4D03EFC6AE6}"
EndProject
Project("{8BC9CEB8-8B4A-11D0-8D11-00A0C91BC942}") = "base_nacl_win64", "base_nacl_win64.vcxproj", "{A140FAC4-FAA0-AD66-6201-6E918B52258B}"
EndProject
Project("{8BC9CEB8-8B4A-11D0-8D11-00A0C91BC942}") = "base_prefs", "base_prefs.vcxproj", "{1EF40D4C-45B1-73B2-B796-D1C11B29DDB2}"
EndProject
Project("{8BC9CEB8-8B4A-11D0-8D11-00A0C91BC942}") = "base_prefs_test_support", "base_prefs_test_support.vcxproj", "{A08B070A-F6D2-54A2-EA6E-EFA969C2587D}"
EndProject
Project("{8BC9CEB8-8B4A-11D0-8D11-00A0C91BC942}") = "base_static", "base_static.vcxproj", "{2CD7EC36-A3B6-21E8-CEB3-F4EB72F0E096}"
EndProject
Project("{8BC9CEB8-8B4A-11D0-8D11-00A0C91BC942}") = "base_static_win64", "base_static_win64.vcxproj", "{B80E19F3-E0A6-C2A2-7B37-3AB4AC93C2CD}"
EndProject
Project("{8BC9CEB8-8B4A-11D0-8D11-00A0C91BC942}") = "base_unittests", "base_unittests.vcxproj", "{F313D425-D667-98F7-60AC-F9D75439F148}"
	ProjectSection(ProjectDependencies) = postProject
		{9A7A16AD-84A0-856F-63FE-02995486A2CF} = {9A7A16AD-84A0-856F-63FE-02995486A2CF}
		{EEAC9A88-A081-E447-8CC5-4F68B7033855} = {EEAC9A88-A081-E447-8CC5-4F68B7033855}
		{1EF40D4C-45B1-73B2-B796-D1C11B29DDB2} = {1EF40D4C-45B1-73B2-B796-D1C11B29DDB2}
		{A08B070A-F6D2-54A2-EA6E-EFA969C2587D} = {A08B070A-F6D2-54A2-EA6E-EFA969C2587D}
		{2CD7EC36-A3B6-21E8-CEB3-F4EB72F0E096} = {2CD7EC36-A3B6-21E8-CEB3-F4EB72F0E096}
		{941A89B3-9A47-DC9A-89BB-2DA3998881F5} = {941A89B3-9A47-DC9A-89BB-2DA3998881F5}
		{A7C9BB34-ACF2-72D0-09F2-6EFC775C4D9B} = {A7C9BB34-ACF2-72D0-09F2-6EFC775C4D9B}
		{81A7AD54-B9DB-DB76-BA99-73F0DC780102} = {81A7AD54-B9DB-DB76-BA99-73F0DC780102}
		{1C540FC3-E316-69EC-3450-1E1CC1DA8652} = {1C540FC3-E316-69EC-3450-1E1CC1DA8652}
		{150ABBDC-62DF-A99D-BD2C-74A23603E7A8} = {150ABBDC-62DF-A99D-BD2C-74A23603E7A8}
		{61F427A4-CBA9-8B02-2784-B843A3906EB1} = {61F427A4-CBA9-8B02-2784-B843A3906EB1}
		{64675FBB-BAFE-2C11-1647-194A181A6D2E} = {64675FBB-BAFE-2C11-1647-194A181A6D2E}
		{4A9D11D7-C8BB-1805-A7FD-F9B77E5BDE7A} = {4A9D11D7-C8BB-1805-A7FD-F9B77E5BDE7A}
		{334963DA-9255-4EEB-9042-9868B553C52B} = {334963DA-9255-4EEB-9042-9868B553C52B}
		{C92C2888-FB94-389A-E67E-FB7E04F43E7B} = {C92C2888-FB94-389A-E67E-FB7E04F43E7B}
		{98FCA1FB-1AD3-EE21-7A5D-DD37454EFE63} = {98FCA1FB-1AD3-EE21-7A5D-DD37454EFE63}
		{01C7C57D-BA0A-6989-1F65-3F73FE991D36} = {01C7C57D-BA0A-6989-1F65-3F73FE991D36}
		{259858D6-0530-0A73-CBCD-27B438C3E34C} = {259858D6-0530-0A73-CBCD-27B438C3E34C}
		{9FECCC0F-BDED-A92E-7345-BBD9E78ECCF3} = {9FECCC0F-BDED-A92E-7345-BBD9E78ECCF3}
		{585A417F-18FF-0AE0-7272-82CF47D2141D} = {585A417F-18FF-0AE0-7272-82CF47D2141D}
	EndProjectSection
EndProject
Project("{8BC9CEB8-8B4A-11D0-8D11-00A0C91BC942}") = "base_unittests_run", "base_unittests_run.vcxproj", "{88F10702-3809-DE50-1F8D-750D6E9F4944}"
	ProjectSection(ProjectDependencies) = postProject
		{F313D425-D667-98F7-60AC-F9D75439F148} = {F313D425-D667-98F7-60AC-F9D75439F148}
	EndProjectSection
EndProject
Project("{8BC9CEB8-8B4A-11D0-8D11-00A0C91BC942}") = "check_example", "check_example.vcxproj", "{4CA12CC1-5829-1EA0-AA64-AD6BD0CBB3DD}"
	ProjectSection(ProjectDependencies) = postProject
		{9A7A16AD-84A0-856F-63FE-02995486A2CF} = {9A7A16AD-84A0-856F-63FE-02995486A2CF}
		{2CD7EC36-A3B6-21E8-CEB3-F4EB72F0E096} = {2CD7EC36-A3B6-21E8-CEB3-F4EB72F0E096}
		{C92C2888-FB94-389A-E67E-FB7E04F43E7B} = {C92C2888-FB94-389A-E67E-FB7E04F43E7B}
		{98FCA1FB-1AD3-EE21-7A5D-DD37454EFE63} = {98FCA1FB-1AD3-EE21-7A5D-DD37454EFE63}
		{01C7C57D-BA0A-6989-1F65-3F73FE991D36} = {01C7C57D-BA0A-6989-1F65-3F73FE991D36}
		{81A7AD54-B9DB-DB76-BA99-73F0DC780102} = {81A7AD54-B9DB-DB76-BA99-73F0DC780102}
	EndProjectSection
EndProject
Project("{8BC9CEB8-8B4A-11D0-8D11-00A0C91BC942}") = "debug_message", "debug_message.vcxproj", "{6426D0E4-03C2-21A0-12F5-2F3E928D1AB0}"
EndProject
Project("{8BC9CEB8-8B4A-11D0-8D11-00A0C91BC942}") = "dynamic_annotations", "third_party\dynamic_annotations\dynamic_annotations.vcxproj", "{81A7AD54-B9DB-DB76-BA99-73F0DC780102}"
EndProject
Project("{8BC9CEB8-8B4A-11D0-8D11-00A0C91BC942}") = "dynamic_annotations_win64", "third_party\dynamic_annotations\dynamic_annotations_win64.vcxproj", "{1684D872-3EDB-5D25-1928-3EB7BA09D3FB}"
EndProject
Project("{8BC9CEB8-8B4A-11D0-8D11-00A0C91BC942}") = "gmock", "..\testing\gmock.vcxproj", "{1C540FC3-E316-69EC-3450-1E1CC1DA8652}"
EndProject
Project("{8BC9CEB8-8B4A-11D0-8D11-00A0C91BC942}") = "gtest", "..\testing\gtest.vcxproj", "{150ABBDC-62DF-A99D-BD2C-74A23603E7A8}"
	ProjectSection(ProjectDependencies) = postProject
		{98FCA1FB-1AD3-EE21-7A5D-DD37454EFE63} = {98FCA1FB-1AD3-EE21-7A5D-DD37454EFE63}
	EndProjectSection
EndProject
Project("{8BC9CEB8-8B4A-11D0-8D11-00A0C91BC942}") = "gtest_prod", "..\testing\gtest_prod.vcxproj", "{98FCA1FB-1AD3-EE21-7A5D-DD37454EFE63}"
EndProject
Project("{8BC9CEB8-8B4A-11D0-8D11-00A0C91BC942}") = "icudata", "..\third_party\icu\icudata.vcxproj", "{4A9D11D7-C8BB-1805-A7FD-F9B77E5BDE7A}"
EndProject
Project("{8BC9CEB8-8B4A-11D0-8D11-00A0C91BC942}") = "icui18n", "..\third_party\icu\icui18n.vcxproj", "{61F427A4-CBA9-8B02-2784-B843A3906EB1}"
EndProject
Project("{8BC9CEB8-8B4A-11D0-8D11-00A0C91BC942}") = "icuuc", "..\third_party\icu\icuuc.vcxproj", "{64675FBB-BAFE-2C11-1647-194A181A6D2E}"
	ProjectSection(ProjectDependencies) = postProject
		{4A9D11D7-C8BB-1805-A7FD-F9B77E5BDE7A} = {4A9D11D7-C8BB-1805-A7FD-F9B77E5BDE7A}
	EndProjectSection
EndProject
Project("{8BC9CEB8-8B4A-11D0-8D11-00A0C91BC942}") = "libcmt", "allocator\libcmt.vcxproj", "{585A417F-18FF-0AE0-7272-82CF47D2141D}"
EndProject
Project("{8BC9CEB8-8B4A-11D0-8D11-00A0C91BC942}") = "libxml", "..\third_party\libxml\libxml.vcxproj", "{259858D6-0530-0A73-CBCD-27B438C3E34C}"
EndProject
Project("{8BC9CEB8-8B4A-11D0-8D11-00A0C91BC942}") = "modp_b64", "..\third_party\modp_b64\modp_b64.vcxproj", "{01C7C57D-BA0A-6989-1F65-3F73FE991D36}"
EndProject
Project("{8BC9CEB8-8B4A-11D0-8D11-00A0C91BC942}") = "run_all_unittests", "run_all_unittests.vcxproj", "{941A89B3-9A47-DC9A-89BB-2DA3998881F5}"
EndProject
Project("{8BC9CEB8-8B4A-11D0-8D11-00A0C91BC942}") = "test_support_base", "test_support_base.vcxproj", "{A7C9BB34-ACF2-72D0-09F2-6EFC775C4D9B}"
EndProject
Project("{8BC9CEB8-8B4A-11D0-8D11-00A0C91BC942}") = "test_support_perf", "test_support_perf.vcxproj", "{A52B7C4C-47DD-8435-8DD2-C4DC2F26C20B}"
EndProject
Project("{8BC9CEB8-8B4A-11D0-8D11-00A0C91BC942}") = "zlib", "..\third_party\zlib\zlib.vcxproj", "{9FECCC0F-BDED-A92E-7345-BBD9E78ECCF3}"
EndProject
Global
	GlobalSection(SolutionConfigurationPlatforms) = preSolution
		Release|x64 = Release|x64
		Debug|Win32 = Debug|Win32
		Debug|x64 = Debug|x64
		Release|Win32 = Release|Win32
	EndGlobalSection
	GlobalSection(ProjectConfigurationPlatforms) = postSolution
		{01C7C57D-BA0A-6989-1F65-3F73FE991D36}.Release|x64.ActiveCfg = Release|x64
		{01C7C57D-BA0A-6989-1F65-3F73FE991D36}.Release|x64.Build.0 = Release|x64
		{01C7C57D-BA0A-6989-1F65-3F73FE991D36}.Debug|Win32.ActiveCfg = Debug|Win32
		{01C7C57D-BA0A-6989-1F65-3F73FE991D36}.Debug|Win32.Build.0 = Debug|Win32
		{01C7C57D-BA0A-6989-1F65-3F73FE991D36}.Debug|x64.ActiveCfg = Debug|x64
		{01C7C57D-BA0A-6989-1F65-3F73FE991D36}.Debug|x64.Build.0 = Debug|x64
		{01C7C57D-BA0A-6989-1F65-3F73FE991D36}.Release|Win32.ActiveCfg = Release|Win32
		{01C7C57D-BA0A-6989-1F65-3F73FE991D36}.Release|Win32.Build.0 = Release|Win32
		{150ABBDC-62DF-A99D-BD2C-74A23603E7A8}.Release|x64.ActiveCfg = Release|x64
		{150ABBDC-62DF-A99D-BD2C-74A23603E7A8}.Release|x64.Build.0 = Release|x64
		{150ABBDC-62DF-A99D-BD2C-74A23603E7A8}.Debug|Win32.ActiveCfg = Debug|Win32
		{150ABBDC-62DF-A99D-BD2C-74A23603E7A8}.Debug|Win32.Build.0 = Debug|Win32
		{150ABBDC-62DF-A99D-BD2C-74A23603E7A8}.Debug|x64.ActiveCfg = Debug|x64
		{150ABBDC-62DF-A99D-BD2C-74A23603E7A8}.Debug|x64.Build.0 = Debug|x64
		{150ABBDC-62DF-A99D-BD2C-74A23603E7A8}.Release|Win32.ActiveCfg = Release|Win32
		{150ABBDC-62DF-A99D-BD2C-74A23603E7A8}.Release|Win32.Build.0 = Release|Win32
		{1684D872-3EDB-5D25-1928-3EB7BA09D3FB}.Release|x64.ActiveCfg = Release|x64
		{1684D872-3EDB-5D25-1928-3EB7BA09D3FB}.Release|x64.Build.0 = Release|x64
		{1684D872-3EDB-5D25-1928-3EB7BA09D3FB}.Debug|Win32.ActiveCfg = Debug|x64
		{1684D872-3EDB-5D25-1928-3EB7BA09D3FB}.Debug|Win32.Build.0 = Debug|x64
		{1684D872-3EDB-5D25-1928-3EB7BA09D3FB}.Debug|x64.ActiveCfg = Debug|x64
		{1684D872-3EDB-5D25-1928-3EB7BA09D3FB}.Debug|x64.Build.0 = Debug|x64
		{1684D872-3EDB-5D25-1928-3EB7BA09D3FB}.Release|Win32.ActiveCfg = Release|x64
		{1684D872-3EDB-5D25-1928-3EB7BA09D3FB}.Release|Win32.Build.0 = Release|x64
		{1C540FC3-E316-69EC-3450-1E1CC1DA8652}.Release|x64.ActiveCfg = Release|x64
		{1C540FC3-E316-69EC-3450-1E1CC1DA8652}.Release|x64.Build.0 = Release|x64
		{1C540FC3-E316-69EC-3450-1E1CC1DA8652}.Debug|Win32.ActiveCfg = Debug|Win32
		{1C540FC3-E316-69EC-3450-1E1CC1DA8652}.Debug|Win32.Build.0 = Debug|Win32
		{1C540FC3-E316-69EC-3450-1E1CC1DA8652}.Debug|x64.ActiveCfg = Debug|x64
		{1C540FC3-E316-69EC-3450-1E1CC1DA8652}.Debug|x64.Build.0 = Debug|x64
		{1C540FC3-E316-69EC-3450-1E1CC1DA8652}.Release|Win32.ActiveCfg = Release|Win32
		{1C540FC3-E316-69EC-3450-1E1CC1DA8652}.Release|Win32.Build.0 = Release|Win32
		{1EF40D4C-45B1-73B2-B796-D1C11B29DDB2}.Release|x64.ActiveCfg = Release|x64
		{1EF40D4C-45B1-73B2-B796-D1C11B29DDB2}.Release|x64.Build.0 = Release|x64
		{1EF40D4C-45B1-73B2-B796-D1C11B29DDB2}.Debug|Win32.ActiveCfg = Debug|Win32
		{1EF40D4C-45B1-73B2-B796-D1C11B29DDB2}.Debug|Win32.Build.0 = Debug|Win32
		{1EF40D4C-45B1-73B2-B796-D1C11B29DDB2}.Debug|x64.ActiveCfg = Debug|x64
		{1EF40D4C-45B1-73B2-B796-D1C11B29DDB2}.Debug|x64.Build.0 = Debug|x64
		{1EF40D4C-45B1-73B2-B796-D1C11B29DDB2}.Release|Win32.ActiveCfg = Release|Win32
		{1EF40D4C-45B1-73B2-B796-D1C11B29DDB2}.Release|Win32.Build.0 = Release|Win32
		{259858D6-0530-0A73-CBCD-27B438C3E34C}.Release|x64.ActiveCfg = Release|x64
		{259858D6-0530-0A73-CBCD-27B438C3E34C}.Release|x64.Build.0 = Release|x64
		{259858D6-0530-0A73-CBCD-27B438C3E34C}.Debug|Win32.ActiveCfg = Debug|Win32
		{259858D6-0530-0A73-CBCD-27B438C3E34C}.Debug|Win32.Build.0 = Debug|Win32
		{259858D6-0530-0A73-CBCD-27B438C3E34C}.Debug|x64.ActiveCfg = Debug|x64
		{259858D6-0530-0A73-CBCD-27B438C3E34C}.Debug|x64.Build.0 = Debug|x64
		{259858D6-0530-0A73-CBCD-27B438C3E34C}.Release|Win32.ActiveCfg = Release|Win32
		{259858D6-0530-0A73-CBCD-27B438C3E34C}.Release|Win32.Build.0 = Release|Win32
		{2CD7EC36-A3B6-21E8-CEB3-F4EB72F0E096}.Release|x64.ActiveCfg = Release|x64
		{2CD7EC36-A3B6-21E8-CEB3-F4EB72F0E096}.Release|x64.Build.0 = Release|x64
		{2CD7EC36-A3B6-21E8-CEB3-F4EB72F0E096}.Debug|Win32.ActiveCfg = Debug|Win32
		{2CD7EC36-A3B6-21E8-CEB3-F4EB72F0E096}.Debug|Win32.Build.0 = Debug|Win32
		{2CD7EC36-A3B6-21E8-CEB3-F4EB72F0E096}.Debug|x64.ActiveCfg = Debug|x64
		{2CD7EC36-A3B6-21E8-CEB3-F4EB72F0E096}.Debug|x64.Build.0 = Debug|x64
		{2CD7EC36-A3B6-21E8-CEB3-F4EB72F0E096}.Release|Win32.ActiveCfg = Release|Win32
		{2CD7EC36-A3B6-21E8-CEB3-F4EB72F0E096}.Release|Win32.Build.0 = Release|Win32
		{334963DA-9255-4EEB-9042-9868B553C52B}.Release|x64.ActiveCfg = Release|x64
		{334963DA-9255-4EEB-9042-9868B553C52B}.Release|x64.Build.0 = Release|x64
		{334963DA-9255-4EEB-9042-9868B553C52B}.Debug|Win32.ActiveCfg = Debug|Win32
		{334963DA-9255-4EEB-9042-9868B553C52B}.Debug|Win32.Build.0 = Debug|Win32
		{334963DA-9255-4EEB-9042-9868B553C52B}.Debug|x64.ActiveCfg = Debug|x64
		{334963DA-9255-4EEB-9042-9868B553C52B}.Debug|x64.Build.0 = Debug|x64
		{334963DA-9255-4EEB-9042-9868B553C52B}.Release|Win32.ActiveCfg = Release|Win32
		{334963DA-9255-4EEB-9042-9868B553C52B}.Release|Win32.Build.0 = Release|Win32
		{4A9D11D7-C8BB-1805-A7FD-F9B77E5BDE7A}.Release|x64.ActiveCfg = Release|x64
		{4A9D11D7-C8BB-1805-A7FD-F9B77E5BDE7A}.Release|x64.Build.0 = Release|x64
		{4A9D11D7-C8BB-1805-A7FD-F9B77E5BDE7A}.Debug|Win32.ActiveCfg = Debug|Win32
		{4A9D11D7-C8BB-1805-A7FD-F9B77E5BDE7A}.Debug|Win32.Build.0 = Debug|Win32
		{4A9D11D7-C8BB-1805-A7FD-F9B77E5BDE7A}.Debug|x64.ActiveCfg = Debug|x64
		{4A9D11D7-C8BB-1805-A7FD-F9B77E5BDE7A}.Debug|x64.Build.0 = Debug|x64
		{4A9D11D7-C8BB-1805-A7FD-F9B77E5BDE7A}.Release|Win32.ActiveCfg = Release|Win32
		{4A9D11D7-C8BB-1805-A7FD-F9B77E5BDE7A}.Release|Win32.Build.0 = Release|Win32
		{4CA12CC1-5829-1EA0-AA64-AD6BD0CBB3DD}.Release|x64.ActiveCfg = Release|x64
		{4CA12CC1-5829-1EA0-AA64-AD6BD0CBB3DD}.Release|x64.Build.0 = Release|x64
		{4CA12CC1-5829-1EA0-AA64-AD6BD0CBB3DD}.Debug|Win32.ActiveCfg = Debug|Win32
		{4CA12CC1-5829-1EA0-AA64-AD6BD0CBB3DD}.Debug|Win32.Build.0 = Debug|Win32
		{4CA12CC1-5829-1EA0-AA64-AD6BD0CBB3DD}.Debug|x64.ActiveCfg = Debug|x64
		{4CA12CC1-5829-1EA0-AA64-AD6BD0CBB3DD}.Debug|x64.Build.0 = Debug|x64
		{4CA12CC1-5829-1EA0-AA64-AD6BD0CBB3DD}.Release|Win32.ActiveCfg = Release|Win32
		{4CA12CC1-5829-1EA0-AA64-AD6BD0CBB3DD}.Release|Win32.Build.0 = Release|Win32
		{585A417F-18FF-0AE0-7272-82CF47D2141D}.Release|x64.ActiveCfg = Release|x64
		{585A417F-18FF-0AE0-7272-82CF47D2141D}.Release|x64.Build.0 = Release|x64
		{585A417F-18FF-0AE0-7272-82CF47D2141D}.Debug|Win32.ActiveCfg = Debug|Win32
		{585A417F-18FF-0AE0-7272-82CF47D2141D}.Debug|Win32.Build.0 = Debug|Win32
		{585A417F-18FF-0AE0-7272-82CF47D2141D}.Debug|x64.ActiveCfg = Debug|x64
		{585A417F-18FF-0AE0-7272-82CF47D2141D}.Debug|x64.Build.0 = Debug|x64
		{585A417F-18FF-0AE0-7272-82CF47D2141D}.Release|Win32.ActiveCfg = Release|Win32
		{585A417F-18FF-0AE0-7272-82CF47D2141D}.Release|Win32.Build.0 = Release|Win32
		{61F427A4-CBA9-8B02-2784-B843A3906EB1}.Release|x64.ActiveCfg = Release|x64
		{61F427A4-CBA9-8B02-2784-B843A3906EB1}.Release|x64.Build.0 = Release|x64
		{61F427A4-CBA9-8B02-2784-B843A3906EB1}.Debug|Win32.ActiveCfg = Debug|Win32
		{61F427A4-CBA9-8B02-2784-B843A3906EB1}.Debug|Win32.Build.0 = Debug|Win32
		{61F427A4-CBA9-8B02-2784-B843A3906EB1}.Debug|x64.ActiveCfg = Debug|x64
		{61F427A4-CBA9-8B02-2784-B843A3906EB1}.Debug|x64.Build.0 = Debug|x64
		{61F427A4-CBA9-8B02-2784-B843A3906EB1}.Release|Win32.ActiveCfg = Release|Win32
		{61F427A4-CBA9-8B02-2784-B843A3906EB1}.Release|Win32.Build.0 = Release|Win32
		{6426D0E4-03C2-21A0-12F5-2F3E928D1AB0}.Release|x64.ActiveCfg = Release|x64
		{6426D0E4-03C2-21A0-12F5-2F3E928D1AB0}.Release|x64.Build.0 = Release|x64
		{6426D0E4-03C2-21A0-12F5-2F3E928D1AB0}.Debug|Win32.ActiveCfg = Debug|Win32
		{6426D0E4-03C2-21A0-12F5-2F3E928D1AB0}.Debug|Win32.Build.0 = Debug|Win32
		{6426D0E4-03C2-21A0-12F5-2F3E928D1AB0}.Debug|x64.ActiveCfg = Debug|x64
		{6426D0E4-03C2-21A0-12F5-2F3E928D1AB0}.Debug|x64.Build.0 = Debug|x64
		{6426D0E4-03C2-21A0-12F5-2F3E928D1AB0}.Release|Win32.ActiveCfg = Release|Win32
		{6426D0E4-03C2-21A0-12F5-2F3E928D1AB0}.Release|Win32.Build.0 = Release|Win32
		{64675FBB-BAFE-2C11-1647-194A181A6D2E}.Release|x64.ActiveCfg = Release|x64
		{64675FBB-BAFE-2C11-1647-194A181A6D2E}.Release|x64.Build.0 = Release|x64
		{64675FBB-BAFE-2C11-1647-194A181A6D2E}.Debug|Win32.ActiveCfg = Debug|Win32
		{64675FBB-BAFE-2C11-1647-194A181A6D2E}.Debug|Win32.Build.0 = Debug|Win32
		{64675FBB-BAFE-2C11-1647-194A181A6D2E}.Debug|x64.ActiveCfg = Debug|x64
		{64675FBB-BAFE-2C11-1647-194A181A6D2E}.Debug|x64.Build.0 = Debug|x64
		{64675FBB-BAFE-2C11-1647-194A181A6D2E}.Release|Win32.ActiveCfg = Release|Win32
		{64675FBB-BAFE-2C11-1647-194A181A6D2E}.Release|Win32.Build.0 = Release|Win32
		{81A7AD54-B9DB-DB76-BA99-73F0DC780102}.Release|x64.ActiveCfg = Release|x64
		{81A7AD54-B9DB-DB76-BA99-73F0DC780102}.Release|x64.Build.0 = Release|x64
		{81A7AD54-B9DB-DB76-BA99-73F0DC780102}.Debug|Win32.ActiveCfg = Debug|Win32
		{81A7AD54-B9DB-DB76-BA99-73F0DC780102}.Debug|Win32.Build.0 = Debug|Win32
		{81A7AD54-B9DB-DB76-BA99-73F0DC780102}.Debug|x64.ActiveCfg = Debug|x64
		{81A7AD54-B9DB-DB76-BA99-73F0DC780102}.Debug|x64.Build.0 = Debug|x64
		{81A7AD54-B9DB-DB76-BA99-73F0DC780102}.Release|Win32.ActiveCfg = Release|Win32
		{81A7AD54-B9DB-DB76-BA99-73F0DC780102}.Release|Win32.Build.0 = Release|Win32
		{88F10702-3809-DE50-1F8D-750D6E9F4944}.Release|x64.ActiveCfg = Release|x64
		{88F10702-3809-DE50-1F8D-750D6E9F4944}.Release|x64.Build.0 = Release|x64
		{88F10702-3809-DE50-1F8D-750D6E9F4944}.Debug|Win32.ActiveCfg = Debug|Win32
		{88F10702-3809-DE50-1F8D-750D6E9F4944}.Debug|Win32.Build.0 = Debug|Win32
		{88F10702-3809-DE50-1F8D-750D6E9F4944}.Debug|x64.ActiveCfg = Debug|x64
		{88F10702-3809-DE50-1F8D-750D6E9F4944}.Debug|x64.Build.0 = Debug|x64
		{88F10702-3809-DE50-1F8D-750D6E9F4944}.Release|Win32.ActiveCfg = Release|Win32
		{88F10702-3809-DE50-1F8D-750D6E9F4944}.Release|Win32.Build.0 = Release|Win32
		{8CDE0EE9-67FF-6C69-E842-C4D03EFC6AE6}.Release|x64.ActiveCfg = Release|x64
		{8CDE0EE9-67FF-6C69-E842-C4D03EFC6AE6}.Release|x64.Build.0 = Release|x64
		{8CDE0EE9-67FF-6C69-E842-C4D03EFC6AE6}.Debug|Win32.ActiveCfg = Debug|x64
		{8CDE0EE9-67FF-6C69-E842-C4D03EFC6AE6}.Debug|Win32.Build.0 = Debug|x64
		{8CDE0EE9-67FF-6C69-E842-C4D03EFC6AE6}.Debug|x64.ActiveCfg = Debug|x64
		{8CDE0EE9-67FF-6C69-E842-C4D03EFC6AE6}.Debug|x64.Build.0 = Debug|x64
		{8CDE0EE9-67FF-6C69-E842-C4D03EFC6AE6}.Release|Win32.ActiveCfg = Release|x64
		{8CDE0EE9-67FF-6C69-E842-C4D03EFC6AE6}.Release|Win32.Build.0 = Release|x64
		{941A89B3-9A47-DC9A-89BB-2DA3998881F5}.Release|x64.ActiveCfg = Release|x64
		{941A89B3-9A47-DC9A-89BB-2DA3998881F5}.Release|x64.Build.0 = Release|x64
		{941A89B3-9A47-DC9A-89BB-2DA3998881F5}.Debug|Win32.ActiveCfg = Debug|Win32
		{941A89B3-9A47-DC9A-89BB-2DA3998881F5}.Debug|Win32.Build.0 = Debug|Win32
		{941A89B3-9A47-DC9A-89BB-2DA3998881F5}.Debug|x64.ActiveCfg = Debug|x64
		{941A89B3-9A47-DC9A-89BB-2DA3998881F5}.Debug|x64.Build.0 = Debug|x64
		{941A89B3-9A47-DC9A-89BB-2DA3998881F5}.Release|Win32.ActiveCfg = Release|Win32
		{941A89B3-9A47-DC9A-89BB-2DA3998881F5}.Release|Win32.Build.0 = Release|Win32
		{98FCA1FB-1AD3-EE21-7A5D-DD37454EFE63}.Release|x64.ActiveCfg = Release|x64
		{98FCA1FB-1AD3-EE21-7A5D-DD37454EFE63}.Release|x64.Build.0 = Release|x64
		{98FCA1FB-1AD3-EE21-7A5D-DD37454EFE63}.Debug|Win32.ActiveCfg = Debug|Win32
		{98FCA1FB-1AD3-EE21-7A5D-DD37454EFE63}.Debug|Win32.Build.0 = Debug|Win32
		{98FCA1FB-1AD3-EE21-7A5D-DD37454EFE63}.Debug|x64.ActiveCfg = Debug|x64
		{98FCA1FB-1AD3-EE21-7A5D-DD37454EFE63}.Debug|x64.Build.0 = Debug|x64
		{98FCA1FB-1AD3-EE21-7A5D-DD37454EFE63}.Release|Win32.ActiveCfg = Release|Win32
		{98FCA1FB-1AD3-EE21-7A5D-DD37454EFE63}.Release|Win32.Build.0 = Release|Win32
		{9A7A16AD-84A0-856F-63FE-02995486A2CF}.Release|x64.ActiveCfg = Release|x64
		{9A7A16AD-84A0-856F-63FE-02995486A2CF}.Release|x64.Build.0 = Release|x64
		{9A7A16AD-84A0-856F-63FE-02995486A2CF}.Debug|Win32.ActiveCfg = Debug|Win32
		{9A7A16AD-84A0-856F-63FE-02995486A2CF}.Debug|Win32.Build.0 = Debug|Win32
		{9A7A16AD-84A0-856F-63FE-02995486A2CF}.Debug|x64.ActiveCfg = Debug|x64
		{9A7A16AD-84A0-856F-63FE-02995486A2CF}.Debug|x64.Build.0 = Debug|x64
		{9A7A16AD-84A0-856F-63FE-02995486A2CF}.Release|Win32.ActiveCfg = Release|Win32
		{9A7A16AD-84A0-856F-63FE-02995486A2CF}.Release|Win32.Build.0 = Release|Win32
		{9FECCC0F-BDED-A92E-7345-BBD9E78ECCF3}.Release|x64.ActiveCfg = Release|x64
		{9FECCC0F-BDED-A92E-7345-BBD9E78ECCF3}.Release|x64.Build.0 = Release|x64
		{9FECCC0F-BDED-A92E-7345-BBD9E78ECCF3}.Debug|Win32.ActiveCfg = Debug|Win32
		{9FECCC0F-BDED-A92E-7345-BBD9E78ECCF3}.Debug|Win32.Build.0 = Debug|Win32
		{9FECCC0F-BDED-A92E-7345-BBD9E78ECCF3}.Debug|x64.ActiveCfg = Debug|x64
		{9FECCC0F-BDED-A92E-7345-BBD9E78ECCF3}.Debug|x64.Build.0 = Debug|x64
		{9FECCC0F-BDED-A92E-7345-BBD9E78ECCF3}.Release|Win32.ActiveCfg = Release|Win32
		{9FECCC0F-BDED-A92E-7345-BBD9E78ECCF3}.Release|Win32.Build.0 = Release|Win32
		{A08B070A-F6D2-54A2-EA6E-EFA969C2587D}.Release|x64.ActiveCfg = Release|x64
		{A08B070A-F6D2-54A2-EA6E-EFA969C2587D}.Release|x64.Build.0 = Release|x64
		{A08B070A-F6D2-54A2-EA6E-EFA969C2587D}.Debug|Win32.ActiveCfg = Debug|Win32
		{A08B070A-F6D2-54A2-EA6E-EFA969C2587D}.Debug|Win32.Build.0 = Debug|Win32
		{A08B070A-F6D2-54A2-EA6E-EFA969C2587D}.Debug|x64.ActiveCfg = Debug|x64
		{A08B070A-F6D2-54A2-EA6E-EFA969C2587D}.Debug|x64.Build.0 = Debug|x64
		{A08B070A-F6D2-54A2-EA6E-EFA969C2587D}.Release|Win32.ActiveCfg = Release|Win32
		{A08B070A-F6D2-54A2-EA6E-EFA969C2587D}.Release|Win32.Build.0 = Release|Win32
		{A140FAC4-FAA0-AD66-6201-6E918B52258B}.Release|x64.ActiveCfg = Release|x64
		{A140FAC4-FAA0-AD66-6201-6E918B52258B}.Release|x64.Build.0 = Release|x64
		{A140FAC4-FAA0-AD66-6201-6E918B52258B}.Debug|Win32.ActiveCfg = Debug|x64
		{A140FAC4-FAA0-AD66-6201-6E918B52258B}.Debug|Win32.Build.0 = Debug|x64
		{A140FAC4-FAA0-AD66-6201-6E918B52258B}.Debug|x64.ActiveCfg = Debug|x64
		{A140FAC4-FAA0-AD66-6201-6E918B52258B}.Debug|x64.Build.0 = Debug|x64
		{A140FAC4-FAA0-AD66-6201-6E918B52258B}.Release|Win32.ActiveCfg = Release|x64
		{A140FAC4-FAA0-AD66-6201-6E918B52258B}.Release|Win32.Build.0 = Release|x64
		{A52B7C4C-47DD-8435-8DD2-C4DC2F26C20B}.Release|x64.ActiveCfg = Release|x64
		{A52B7C4C-47DD-8435-8DD2-C4DC2F26C20B}.Release|x64.Build.0 = Release|x64
		{A52B7C4C-47DD-8435-8DD2-C4DC2F26C20B}.Debug|Win32.ActiveCfg = Debug|Win32
		{A52B7C4C-47DD-8435-8DD2-C4DC2F26C20B}.Debug|Win32.Build.0 = Debug|Win32
		{A52B7C4C-47DD-8435-8DD2-C4DC2F26C20B}.Debug|x64.ActiveCfg = Debug|x64
		{A52B7C4C-47DD-8435-8DD2-C4DC2F26C20B}.Debug|x64.Build.0 = Debug|x64
		{A52B7C4C-47DD-8435-8DD2-C4DC2F26C20B}.Release|Win32.ActiveCfg = Release|Win32
		{A52B7C4C-47DD-8435-8DD2-C4DC2F26C20B}.Release|Win32.Build.0 = Release|Win32
		{A7C9BB34-ACF2-72D0-09F2-6EFC775C4D9B}.Release|x64.ActiveCfg = Release|x64
		{A7C9BB34-ACF2-72D0-09F2-6EFC775C4D9B}.Release|x64.Build.0 = Release|x64
		{A7C9BB34-ACF2-72D0-09F2-6EFC775C4D9B}.Debug|Win32.ActiveCfg = Debug|Win32
		{A7C9BB34-ACF2-72D0-09F2-6EFC775C4D9B}.Debug|Win32.Build.0 = Debug|Win32
		{A7C9BB34-ACF2-72D0-09F2-6EFC775C4D9B}.Debug|x64.ActiveCfg = Debug|x64
		{A7C9BB34-ACF2-72D0-09F2-6EFC775C4D9B}.Debug|x64.Build.0 = Debug|x64
		{A7C9BB34-ACF2-72D0-09F2-6EFC775C4D9B}.Release|Win32.ActiveCfg = Release|Win32
		{A7C9BB34-ACF2-72D0-09F2-6EFC775C4D9B}.Release|Win32.Build.0 = Release|Win32
		{B80E19F3-E0A6-C2A2-7B37-3AB4AC93C2CD}.Release|x64.ActiveCfg = Release|x64
		{B80E19F3-E0A6-C2A2-7B37-3AB4AC93C2CD}.Release|x64.Build.0 = Release|x64
		{B80E19F3-E0A6-C2A2-7B37-3AB4AC93C2CD}.Debug|Win32.ActiveCfg = Debug|x64
		{B80E19F3-E0A6-C2A2-7B37-3AB4AC93C2CD}.Debug|Win32.Build.0 = Debug|x64
		{B80E19F3-E0A6-C2A2-7B37-3AB4AC93C2CD}.Debug|x64.ActiveCfg = Debug|x64
		{B80E19F3-E0A6-C2A2-7B37-3AB4AC93C2CD}.Debug|x64.Build.0 = Debug|x64
		{B80E19F3-E0A6-C2A2-7B37-3AB4AC93C2CD}.Release|Win32.ActiveCfg = Release|x64
		{B80E19F3-E0A6-C2A2-7B37-3AB4AC93C2CD}.Release|Win32.Build.0 = Release|x64
		{C92C2888-FB94-389A-E67E-FB7E04F43E7B}.Release|x64.ActiveCfg = Release|x64
		{C92C2888-FB94-389A-E67E-FB7E04F43E7B}.Release|x64.Build.0 = Release|x64
		{C92C2888-FB94-389A-E67E-FB7E04F43E7B}.Debug|Win32.ActiveCfg = Debug|Win32
		{C92C2888-FB94-389A-E67E-FB7E04F43E7B}.Debug|Win32.Build.0 = Debug|Win32
		{C92C2888-FB94-389A-E67E-FB7E04F43E7B}.Debug|x64.ActiveCfg = Debug|x64
		{C92C2888-FB94-389A-E67E-FB7E04F43E7B}.Debug|x64.Build.0 = Debug|x64
		{C92C2888-FB94-389A-E67E-FB7E04F43E7B}.Release|Win32.ActiveCfg = Release|Win32
		{C92C2888-FB94-389A-E67E-FB7E04F43E7B}.Release|Win32.Build.0 = Release|Win32
		{D62093D3-7933-C086-B054-D883AB06EF50}.Release|x64.ActiveCfg = Release|x64
		{D62093D3-7933-C086-B054-D883AB06EF50}.Release|x64.Build.0 = Release|x64
		{D62093D3-7933-C086-B054-D883AB06EF50}.Debug|Win32.ActiveCfg = Debug|x64
		{D62093D3-7933-C086-B054-D883AB06EF50}.Debug|Win32.Build.0 = Debug|x64
		{D62093D3-7933-C086-B054-D883AB06EF50}.Debug|x64.ActiveCfg = Debug|x64
		{D62093D3-7933-C086-B054-D883AB06EF50}.Debug|x64.Build.0 = Debug|x64
		{D62093D3-7933-C086-B054-D883AB06EF50}.Release|Win32.ActiveCfg = Release|x64
		{D62093D3-7933-C086-B054-D883AB06EF50}.Release|Win32.Build.0 = Release|x64
		{EEAC9A88-A081-E447-8CC5-4F68B7033855}.Release|x64.ActiveCfg = Release|x64
		{EEAC9A88-A081-E447-8CC5-4F68B7033855}.Release|x64.Build.0 = Release|x64
		{EEAC9A88-A081-E447-8CC5-4F68B7033855}.Debug|Win32.ActiveCfg = Debug|Win32
		{EEAC9A88-A081-E447-8CC5-4F68B7033855}.Debug|Win32.Build.0 = Debug|Win32
		{EEAC9A88-A081-E447-8CC5-4F68B7033855}.Debug|x64.ActiveCfg = Debug|x64
		{EEAC9A88-A081-E447-8CC5-4F68B7033855}.Debug|x64.Build.0 = Debug|x64
		{EEAC9A88-A081-E447-8CC5-4F68B7033855}.Release|Win32.ActiveCfg = Release|Win32
		{EEAC9A88-A081-E447-8CC5-4F68B7033855}.Release|Win32.Build.0 = Release|Win32
		{F313D425-D667-98F7-60AC-F9D75439F148}.Release|x64.ActiveCfg = Release|x64
		{F313D425-D667-98F7-60AC-F9D75439F148}.Release|x64.Build.0 = Release|x64
		{F313D425-D667-98F7-60AC-F9D75439F148}.Debug|Win32.ActiveCfg = Debug|Win32
		{F313D425-D667-98F7-60AC-F9D75439F148}.Debug|Win32.Build.0 = Debug|Win32
		{F313D425-D667-98F7-60AC-F9D75439F148}.Debug|x64.ActiveCfg = Debug|x64
		{F313D425-D667-98F7-60AC-F9D75439F148}.Debug|x64.Build.0 = Debug|x64
		{F313D425-D667-98F7-60AC-F9D75439F148}.Release|Win32.ActiveCfg = Release|Win32
		{F313D425-D667-98F7-60AC-F9D75439F148}.Release|Win32.Build.0 = Release|Win32
	EndGlobalSection
	GlobalSection(SolutionProperties) = preSolution
		HideSolutionNode = FALSE
	EndGlobalSection
	GlobalSection(NestedProjects) = preSolution
		{334963DA-9255-4EEB-9042-9868B553C52B} = {6478B9F3-4858-63F4-35F4-98A303E305F3}
		{C92C2888-FB94-389A-E67E-FB7E04F43E7B} = {6478B9F3-4858-63F4-35F4-98A303E305F3}
		{D62093D3-7933-C086-B054-D883AB06EF50} = {6478B9F3-4858-63F4-35F4-98A303E305F3}
		{585A417F-18FF-0AE0-7272-82CF47D2141D} = {6478B9F3-4858-63F4-35F4-98A303E305F3}
		{6478B9F3-4858-63F4-35F4-98A303E305F3} = {9785FB75-982A-5DE3-252D-3F288B9FEF5B}
		{3E7FA5AF-27B3-2DE0-883C-12F98E7F4E81} = {9785FB75-982A-5DE3-252D-3F288B9FEF5B}
		{9A7A16AD-84A0-856F-63FE-02995486A2CF} = {9785FB75-982A-5DE3-252D-3F288B9FEF5B}
		{EEAC9A88-A081-E447-8CC5-4F68B7033855} = {9785FB75-982A-5DE3-252D-3F288B9FEF5B}
		{8CDE0EE9-67FF-6C69-E842-C4D03EFC6AE6} = {9785FB75-982A-5DE3-252D-3F288B9FEF5B}
		{A140FAC4-FAA0-AD66-6201-6E918B52258B} = {9785FB75-982A-5DE3-252D-3F288B9FEF5B}
		{1EF40D4C-45B1-73B2-B796-D1C11B29DDB2} = {9785FB75-982A-5DE3-252D-3F288B9FEF5B}
		{A08B070A-F6D2-54A2-EA6E-EFA969C2587D} = {9785FB75-982A-5DE3-252D-3F288B9FEF5B}
		{2CD7EC36-A3B6-21E8-CEB3-F4EB72F0E096} = {9785FB75-982A-5DE3-252D-3F288B9FEF5B}
		{B80E19F3-E0A6-C2A2-7B37-3AB4AC93C2CD} = {9785FB75-982A-5DE3-252D-3F288B9FEF5B}
		{F313D425-D667-98F7-60AC-F9D75439F148} = {9785FB75-982A-5DE3-252D-3F288B9FEF5B}
		{88F10702-3809-DE50-1F8D-750D6E9F4944} = {9785FB75-982A-5DE3-252D-3F288B9FEF5B}
		{4CA12CC1-5829-1EA0-AA64-AD6BD0CBB3DD} = {9785FB75-982A-5DE3-252D-3F288B9FEF5B}
		{6426D0E4-03C2-21A0-12F5-2F3E928D1AB0} = {9785FB75-982A-5DE3-252D-3F288B9FEF5B}
		{941A89B3-9A47-DC9A-89BB-2DA3998881F5} = {9785FB75-982A-5DE3-252D-3F288B9FEF5B}
		{A7C9BB34-ACF2-72D0-09F2-6EFC775C4D9B} = {9785FB75-982A-5DE3-252D-3F288B9FEF5B}
		{A52B7C4C-47DD-8435-8DD2-C4DC2F26C20B} = {9785FB75-982A-5DE3-252D-3F288B9FEF5B}
		{81A7AD54-B9DB-DB76-BA99-73F0DC780102} = {EF1E4970-C119-B0D7-F5D6-321C6AE66EDC}
		{1684D872-3EDB-5D25-1928-3EB7BA09D3FB} = {EF1E4970-C119-B0D7-F5D6-321C6AE66EDC}
		{4A9D11D7-C8BB-1805-A7FD-F9B77E5BDE7A} = {2DE59335-96CE-10CA-CDE5-FEC35E3549BB}
		{61F427A4-CBA9-8B02-2784-B843A3906EB1} = {2DE59335-96CE-10CA-CDE5-FEC35E3549BB}
		{64675FBB-BAFE-2C11-1647-194A181A6D2E} = {2DE59335-96CE-10CA-CDE5-FEC35E3549BB}
		{1C540FC3-E316-69EC-3450-1E1CC1DA8652} = {EAC80D00-01D2-3F49-A377-20B7154947F3}
		{150ABBDC-62DF-A99D-BD2C-74A23603E7A8} = {EAC80D00-01D2-3F49-A377-20B7154947F3}
		{98FCA1FB-1AD3-EE21-7A5D-DD37454EFE63} = {EAC80D00-01D2-3F49-A377-20B7154947F3}
		{EF1E4970-C119-B0D7-F5D6-321C6AE66EDC} = {3E7FA5AF-27B3-2DE0-883C-12F98E7F4E81}
		{2DE59335-96CE-10CA-CDE5-FEC35E3549BB} = {89C816A7-DD31-D54C-C69C-5A80E0C49B77}
		{259858D6-0530-0A73-CBCD-27B438C3E34C} = {89C816A7-DD31-D54C-C69C-5A80E0C49B77}
		{01C7C57D-BA0A-6989-1F65-3F73FE991D36} = {89C816A7-DD31-D54C-C69C-5A80E0C49B77}
		{9FECCC0F-BDED-A92E-7345-BBD9E78ECCF3} = {89C816A7-DD31-D54C-C69C-5A80E0C49B77}
	EndGlobalSection
EndGlobal
